
Microsoft Visual Studio Solution File, Format Version 12.00
# Visual Studio Version 16
VisualStudioVersion = 25.0.1704.0
MinimumVisualStudioVersion = 10.0.40219.1
Project("{FAE04EC0-301F-11D3-BF4B-00C04F79EFBC}") = "IBAS-menu", "IBAS-menu.csproj", "{A056E0E6-8F0F-421C-80AF-DB3B926F995B}"
EndProject
Global
	GlobalSection(SolutionConfigurationPlatforms) = preSolution
		Debug|Any CPU = Debug|Any CPU
		Release|Any CPU = Release|Any CPU
	EndGlobalSection
	GlobalSection(ProjectConfigurationPlatforms) = postSolution
		{A056E0E6-8F0F-421C-80AF-DB3B926F995B}.Debug|Any CPU.ActiveCfg = Debug|Any CPU
		{A056E0E6-8F0F-421C-80AF-DB3B926F995B}.Debug|Any CPU.Build.0 = Debug|Any CPU
		{A056E0E6-8F0F-421C-80AF-DB3B926F995B}.Release|Any CPU.ActiveCfg = Release|Any CPU
		{A056E0E6-8F0F-421C-80AF-DB3B926F995B}.Release|Any CPU.Build.0 = Release|Any CPU
	EndGlobalSection
	GlobalSection(SolutionProperties) = preSolution
		HideSolutionNode = FALSE
	EndGlobalSection
	GlobalSection(ExtensibilityGlobals) = postSolution
		SolutionGuid = {F947B161-C890-4677-BA8B-3D1408D0F189}
	EndGlobalSection
EndGlobal
